
Microsoft Visual Studio Solution File, Format Version 12.00
# Visual Studio Version 16
VisualStudioVersion = 16.0.29424.173
MinimumVisualStudioVersion = 10.0.40219.1
Project("{FAE04EC0-301F-11D3-BF4B-00C04F79EFBC}") = "JsonTest", "JsonTest\JsonTest.csproj", "{B77AA985-8CF6-444A-9CD8-F184FB7F3F38}"
EndProject
Global
	GlobalSection(SolutionConfigurationPlatforms) = preSolution
		Debug|Any CPU = Debug|Any CPU
		Release|Any CPU = Release|Any CPU
	EndGlobalSection
	GlobalSection(ProjectConfigurationPlatforms) = postSolution
		{B77AA985-8CF6-444A-9CD8-F184FB7F3F38}.Debug|Any CPU.ActiveCfg = Debug|Any CPU
		{B77AA985-8CF6-444A-9CD8-F184FB7F3F38}.Debug|Any CPU.Build.0 = Debug|Any CPU
		{B77AA985-8CF6-444A-9CD8-F184FB7F3F38}.Release|Any CPU.ActiveCfg = Release|Any CPU
		{B77AA985-8CF6-444A-9CD8-F184FB7F3F38}.Release|Any CPU.Build.0 = Release|Any CPU
	EndGlobalSection
	GlobalSection(SolutionProperties) = preSolution
		HideSolutionNode = FALSE
	EndGlobalSection
	GlobalSection(ExtensibilityGlobals) = postSolution
		SolutionGuid = {EAD66161-D29A-4548-B9AD-8798C760E474}
	EndGlobalSection
EndGlobal
